
Microsoft Visual Studio Solution File, Format Version 12.00
# Visual Studio Version 17
VisualStudioVersion = 17.11.35312.102
MinimumVisualStudioVersion = 10.0.40219.1
Project("{8BC9CEB8-8B4A-11D0-8D11-00A0C91BC942}") = "Todo lsit", "Todo lsit.vcxproj", "{FA1F43F5-2F8D-4DC4-8448-835CD9158C11}"
EndProject
Global
	GlobalSection(SolutionConfigurationPlatforms) = preSolution
		Debug|x64 = Debug|x64
		Debug|x86 = Debug|x86
		Release|x64 = Release|x64
		Release|x86 = Release|x86
	EndGlobalSection
	GlobalSection(ProjectConfigurationPlatforms) = postSolution
		{FA1F43F5-2F8D-4DC4-8448-835CD9158C11}.Debug|x64.ActiveCfg = Debug|x64
		{FA1F43F5-2F8D-4DC4-8448-835CD9158C11}.Debug|x64.Build.0 = Debug|x64
		{FA1F43F5-2F8D-4DC4-8448-835CD9158C11}.Debug|x86.ActiveCfg = Debug|Win32
		{FA1F43F5-2F8D-4DC4-8448-835CD9158C11}.Debug|x86.Build.0 = Debug|Win32
		{FA1F43F5-2F8D-4DC4-8448-835CD9158C11}.Release|x64.ActiveCfg = Release|x64
		{FA1F43F5-2F8D-4DC4-8448-835CD9158C11}.Release|x64.Build.0 = Release|x64
		{FA1F43F5-2F8D-4DC4-8448-835CD9158C11}.Release|x86.ActiveCfg = Release|Win32
		{FA1F43F5-2F8D-4DC4-8448-835CD9158C11}.Release|x86.Build.0 = Release|Win32
	EndGlobalSection
	GlobalSection(SolutionProperties) = preSolution
		HideSolutionNode = FALSE
	EndGlobalSection
	GlobalSection(ExtensibilityGlobals) = postSolution
		SolutionGuid = {294DA082-10E4-42AC-89C8-1F14BA4DEC74}
	EndGlobalSection
EndGlobal
